PODS:
  - Branch (0.12.9):
    - Branch/Core (= 0.12.9)
    - Branch/without-IDFA (= 0.12.9)
  - Branch/Core (0.12.9)
  - Branch/without-IDFA (0.12.9)

DEPENDENCIES:
  - Branch

SPEC CHECKSUMS:
  Branch: 339863b49859de1a64f1b785afe6ad8770a0e7d3

PODFILE CHECKSUM: e2d2b10834f6f163bda43257050d6ddbb35d94d8

COCOAPODS: 1.0.1
